// !$*UTF8*$!
{
	archiveVersion = 1;
	classes = {
	};
	objectVersion = 50;
	objects = {

/* Begin PBXBuildFile section */
		8E5589B9221EF6C500C8B1DC /* Payloads.swift in Sources */ = {isa = PBXBuildFile; fileRef = 8E5589B8221EF6C500C8B1DC /* Payloads.swift */; };
		E0040C6C22155A7300E61EA2 /* AppDelegate.swift in Sources */ = {isa = PBXBuildFile; fileRef = E0040C6B22155A7300E61EA2 /* AppDelegate.swift */; };
		E0040C7122155A7300E61EA2 /* Main.storyboard in Resources */ = {isa = PBXBuildFile; fileRef = E0040C6F22155A7300E61EA2 /* Main.storyboard */; };
		E0040C7322155A7400E61EA2 /* Assets.xcassets in Resources */ = {isa = PBXBuildFile; fileRef = E0040C7222155A7400E61EA2 /* Assets.xcassets */; };
		E0040C7622155A7400E61EA2 /* LaunchScreen.storyboard in Resources */ = {isa = PBXBuildFile; fileRef = E0040C7422155A7400E61EA2 /* LaunchScreen.storyboard */; };
		E0040C7F22155B0000E61EA2 /* Message.swift in Sources */ = {isa = PBXBuildFile; fileRef = E0040C7D22155AFF00E61EA2 /* Message.swift */; };
		E0040C8022155B0000E61EA2 /* ScanTableViewController.swift in Sources */ = {isa = PBXBuildFile; fileRef = E0040C7E22155AFF00E61EA2 /* ScanTableViewController.swift */; };
		E0040C8322155B4000E61EA2 /* CoreBluetooth.framework in Frameworks */ = {isa = PBXBuildFile; fileRef = E0040C8222155B4000E61EA2 /* CoreBluetooth.framework */; };
/* End PBXBuildFile section */

/* Begin PBXFileReference section */
		8E5589B8221EF6C500C8B1DC /* Payloads.swift */ = {isa = PBXFileReference; lastKnownFileType = sourcecode.swift; path = Payloads.swift; sourceTree = "<group>"; };
		E0040C6822155A7300E61EA2 /* XiaomiLocker.app */ = {isa = PBXFileReference; explicitFileType = wrapper.application; includeInIndex = 0; path = XiaomiLocker.app; sourceTree = BUILT_PRODUCTS_DIR; };
		E0040C6B22155A7300E61EA2 /* AppDelegate.swift */ = {isa = PBXFileReference; lastKnownFileType = sourcecode.swift; path = AppDelegate.swift; sourceTree = "<group>"; };
		E0040C7022155A7300E61EA2 /* Base */ = {isa = PBXFileReference; lastKnownFileType = file.storyboard; name = Base; path = Base.lproj/Main.storyboard; sourceTree = "<group>"; };
		E0040C7222155A7400E61EA2 /* Assets.xcassets */ = {isa = PBXFileReference; lastKnownFileType = folder.assetcatalog; path = Assets.xcassets; sourceTree = "<group>"; };
		E0040C7522155A7400E61EA2 /* Base */ = {isa = PBXFileReference; lastKnownFileType = file.storyboard; name = Base; path = Base.lproj/LaunchScreen.storyboard; sourceTree = "<group>"; };
		E0040C7722155A7400E61EA2 /* Info.plist */ = {isa = PBXFileReference; lastKnownFileType = text.plist.xml; path = Info.plist; sourceTree = "<group>"; };
		E0040C7D22155AFF00E61EA2 /* Message.swift */ = {isa = PBXFileReference; fileEncoding = 4; lastKnownFileType = sourcecode.swift; path = Message.swift; sourceTree = "<group>"; };
		E0040C7E22155AFF00E61EA2 /* ScanTableViewController.swift */ = {isa = PBXFileReference; fileEncoding = 4; lastKnownFileType = sourcecode.swift; path = ScanTableViewController.swift; sourceTree = "<group>"; };
		E0040C8222155B4000E61EA2 /* CoreBluetooth.framework */ = {isa = PBXFileReference; lastKnownFileType = wrapper.framework; name = CoreBluetooth.framework; path = System/Library/Frameworks/CoreBluetooth.framework; sourceTree = SDKROOT; };
		E02DE8CB2216F4D000EC559A /* MessageTest.playground */ = {isa = PBXFileReference; lastKnownFileType = file.playground; path = MessageTest.playground; sourceTree = "<group>"; xcLanguageSpecificationIdentifier = xcode.lang.swift; };
/* End PBXFileReference section */

/* Begin PBXFrameworksBuildPhase section */
		E0040C6522155A7300E61EA2 /* Frameworks */ = {
			isa = PBXFrameworksBuildPhase;
			buildActionMask = 2147483647;
			files = (
				E0040C8322155B4000E61EA2 /* CoreBluetooth.framework in Frameworks */,
			);
			runOnlyForDeploymentPostprocessing = 0;
		};
/* End PBXFrameworksBuildPhase section */

/* Begin PBXGroup section */
		E0040C5F22155A7300E61EA2 = {
			isa = PBXGroup;
			children = (
				E0040C6A22155A7300E61EA2 /* XiaomiLocker */,
				E0040C6922155A7300E61EA2 /* Products */,
				E0040C8122155B4000E61EA2 /* Frameworks */,
			);
			sourceTree = "<group>";
		};
		E0040C6922155A7300E61EA2 /* Products */ = {
			isa = PBXGroup;
			children = (
				E0040C6822155A7300E61EA2 /* XiaomiLocker.app */,
			);
			name = Products;
			sourceTree = "<group>";
		};
		E0040C6A22155A7300E61EA2 /* XiaomiLocker */ = {
			isa = PBXGroup;
			children = (
				E0040C6B22155A7300E61EA2 /* AppDelegate.swift */,
				E02DE8CB2216F4D000EC559A /* MessageTest.playground */,
				E0040C7D22155AFF00E61EA2 /* Message.swift */,
				8E5589B8221EF6C500C8B1DC /* Payloads.swift */,
				E0040C7E22155AFF00E61EA2 /* ScanTableViewController.swift */,
				E0040C6F22155A7300E61EA2 /* Main.storyboard */,
				E0040C7222155A7400E61EA2 /* Assets.xcassets */,
				E0040C7422155A7400E61EA2 /* LaunchScreen.storyboard */,
				E0040C7722155A7400E61EA2 /* Info.plist */,
			);
			path = XiaomiLocker;
			sourceTree = "<group>";
		};
		E0040C8122155B4000E61EA2 /* Frameworks */ = {
			isa = PBXGroup;
			children = (
				E0040C8222155B4000E61EA2 /* CoreBluetooth.framework */,
			);
			name = Frameworks;
			sourceTree = "<group>";
		};
/* End PBXGroup section */

/* Begin PBXNativeTarget section */
		E0040C6722155A7300E61EA2 /* XiaomiLocker */ = {
			isa = PBXNativeTarget;
			buildConfigurationList = E0040C7A22155A7400E61EA2 /* Build configuration list for PBXNativeTarget "XiaomiLocker" */;
			buildPhases = (
				E0040C6422155A7300E61EA2 /* Sources */,
				E0040C6522155A7300E61EA2 /* Frameworks */,
				E0040C6622155A7300E61EA2 /* Resources */,
			);
			buildRules = (
			);
			dependencies = (
			);
			name = XiaomiLocker;
			productName = XiaomiLocker;
			productReference = E0040C6822155A7300E61EA2 /* XiaomiLocker.app */;
			productType = "com.apple.product-type.application";
		};
/* End PBXNativeTarget section */

/* Begin PBXProject section */
		E0040C6022155A7300E61EA2 /* Project object */ = {
			isa = PBXProject;
			attributes = {
				LastSwiftUpdateCheck = 1010;
				LastUpgradeCheck = 1010;
				ORGANIZATIONNAME = smrpr;
				TargetAttributes = {
					E0040C6722155A7300E61EA2 = {
						CreatedOnToolsVersion = 10.1;
					};
				};
			};
			buildConfigurationList = E0040C6322155A7300E61EA2 /* Build configuration list for PBXProject "XiaomiLocker" */;
			compatibilityVersion = "Xcode 9.3";
			developmentRegion = en;
			hasScannedForEncodings = 0;
			knownRegions = (
				en,
				Base,
			);
			mainGroup = E0040C5F22155A7300E61EA2;
			productRefGroup = E0040C6922155A7300E61EA2 /* Products */;
			projectDirPath = "";
			projectRoot = "";
			targets = (
				E0040C6722155A7300E61EA2 /* XiaomiLocker */,
			);
		};
/* End PBXProject section */

/* Begin PBXResourcesBuildPhase section */
		E0040C6622155A7300E61EA2 /* Resources */ = {
			isa = PBXResourcesBuildPhase;
			buildActionMask = 2147483647;
			files = (
				E0040C7622155A7400E61EA2 /* LaunchScreen.storyboard in Resources */,
				E0040C7322155A7400E61EA2 /* Assets.xcassets in Resources */,
				E0040C7122155A7300E61EA2 /* Main.storyboard in Resources */,
			);
			runOnlyForDeploymentPostprocessing = 0;
		};
/* End PBXResourcesBuildPhase section */

/* Begin PBXSourcesBuildPhase section */
		E0040C6422155A7300E61EA2 /* Sources */ = {
			isa = PBXSourcesBuildPhase;
			buildActionMask = 2147483647;
			files = (
				E0040C6C22155A7300E61EA2 /* AppDelegate.swift in Sources */,
				E0040C7F22155B0000E61EA2 /* Message.swift in Sources */,
				8E5589B9221EF6C500C8B1DC /* Payloads.swift in Sources */,
				E0040C8022155B0000E61EA2 /* ScanTableViewController.swift in Sources */,
			);
			runOnlyForDeploymentPostprocessing = 0;
		};
/* End PBXSourcesBuildPhase section */

/* Begin PBXVariantGroup section */
		E0040C6F22155A7300E61EA2 /* Main.storyboard */ = {
			isa = PBXVariantGroup;
			children = (
				E0040C7022155A7300E61EA2 /* Base */,
			);
			name = Main.storyboard;
			sourceTree = "<group>";
		};
		E0040C7422155A7400E61EA2 /* LaunchScreen.storyboard */ = {
			isa = PBXVariantGroup;
			children = (
				E0040C7522155A7400E61EA2 /* Base */,
			);
			name = LaunchScreen.storyboard;
			sourceTree = "<group>";
		};
/* End PBXVariantGroup section */

/* Begin XCBuildConfiguration section */
		E0040C7822155A7400E61EA2 /* Debug */ = {
			isa = XCBuildConfiguration;
			buildSettings = {
				ALWAYS_SEARCH_USER_PATHS = NO;
				CLANG_ANALYZER_NONNULL = YES;
				CLANG_ANALYZER_NUMBER_OBJECT_CONVERSION = YES_AGGRESSIVE;
				CLANG_CXX_LANGUAGE_STANDARD = "gnu++14";
				CLANG_CXX_LIBRARY = "libc++";
				CLANG_ENABLE_MODULES = YES;
				CLANG_ENABLE_OBJC_ARC = YES;
				CLANG_ENABLE_OBJC_WEAK = YES;
				CLANG_WARN_BLOCK_CAPTURE_AUTORELEASING = YES;
				CLANG_WARN_BOOL_CONVERSION = YES;
				CLANG_WARN_COMMA = YES;
				CLANG_WARN_CONSTANT_CONVERSION = YES;
				CLANG_WARN_DEPRECATED_OBJC_IMPLEMENTATIONS = YES;
				CLANG_WARN_DIRECT_OBJC_ISA_USAGE = YES_ERROR;
				CLANG_WARN_DOCUMENTATION_COMMENTS = YES;
				CLANG_WARN_EMPTY_BODY = YES;
				CLANG_WARN_ENUM_CONVERSION = YES;
				CLANG_WARN_INFINITE_RECURSION = YES;
				CLANG_WARN_INT_CONVERSION = YES;
				CLANG_WARN_NON_LITERAL_NULL_CONVERSION = YES;
				CLANG_WARN_OBJC_IMPLICIT_RETAIN_SELF = YES;
				CLANG_WARN_OBJC_LITERAL_CONVERSION = YES;
				CLANG_WARN_OBJC_ROOT_CLASS = YES_ERROR;
				CLANG_WARN_RANGE_LOOP_ANALYSIS = YES;
				CLANG_WARN_STRICT_PROTOTYPES = YES;
				CLANG_WARN_SUSPICIOUS_MOVE = YES;
				CLANG_WARN_UNGUARDED_AVAILABILITY = YES_AGGRESSIVE;
				CLANG_WARN_UNREACHABLE_CODE = YES;
				CLANG_WARN__DUPLICATE_METHOD_MATCH = YES;
				CODE_SIGN_IDENTITY = "iPhone Developer";
				COPY_PHASE_STRIP = NO;
				DEBUG_INFORMATION_FORMAT = dwarf;
				ENABLE_STRICT_OBJC_MSGSEND = YES;
				ENABLE_TESTABILITY = YES;
				GCC_C_LANGUAGE_STANDARD = gnu11;
				GCC_DYNAMIC_NO_PIC = NO;
				GCC_NO_COMMON_BLOCKS = YES;
				GCC_OPTIMIZATION_LEVEL = 0;
				GCC_PREPROCESSOR_DEFINITIONS = (
					"DEBUG=1",
					"$(inherited)",
				);
				GCC_WARN_64_TO_32_BIT_CONVERSION = YES;
				GCC_WARN_ABOUT_RETURN_TYPE = YES_ERROR;
				GCC_WARN_UNDECLARED_SELECTOR = YES;
				GCC_WARN_UNINITIALIZED_AUTOS = YES_AGGRESSIVE;
				GCC_WARN_UNUSED_FUNCTION = YES;
				GCC_WARN_UNUSED_VARIABLE = YES;
				IPHONEOS_DEPLOYMENT_TARGET = 12.1;
				MTL_ENABLE_DEBUG_INFO = INCLUDE_SOURCE;
				MTL_FAST_MATH = YES;
				ONLY_ACTIVE_ARCH = YES;
				SDKROOT = iphoneos;
				SWIFT_ACTIVE_COMPILATION_CONDITIONS = DEBUG;
				SWIFT_OPTIMIZATION_LEVEL = "-Onone";
			};
			name = Debug;
		};
		E0040C7922155A7400E61EA2 /* Release */ = {
			isa = XCBuildConfiguration;
			buildSettings = {
				ALWAYS_SEARCH_USER_PATHS = NO;
				CLANG_ANALYZER_NONNULL = YES;
				CLANG_ANALYZER_NUMBER_OBJECT_CONVERSION = YES_AGGRESSIVE;
				CLANG_CXX_LANGUAGE_STANDARD = "gnu++14";
				CLANG_CXX_LIBRARY = "libc++";
				CLANG_ENABLE_MODULES = YES;
				CLANG_ENABLE_OBJC_ARC = YES;
				CLANG_ENABLE_OBJC_WEAK = YES;
				CLANG_WARN_BLOCK_CAPTURE_AUTORELEASING = YES;
				CLANG_WARN_BOOL_CONVERSION = YES;
				CLANG_WARN_COMMA = YES;
				CLANG_WARN_CONSTANT_CONVERSION = YES;
				CLANG_WARN_DEPRECATED_OBJC_IMPLEMENTATIONS = YES;
				CLANG_WARN_DIRECT_OBJC_ISA_USAGE = YES_ERROR;
				CLANG_WARN_DOCUMENTATION_COMMENTS = YES;
				CLANG_WARN_EMPTY_BODY = YES;
				CLANG_WARN_ENUM_CONVERSION = YES;
				CLANG_WARN_INFINITE_RECURSION = YES;
				CLANG_WARN_INT_CONVERSION = YES;
				CLANG_WARN_NON_LITERAL_NULL_CONVERSION = YES;
				CLANG_WARN_OBJC_IMPLICIT_RETAIN_SELF = YES;
				CLANG_WARN_OBJC_LITERAL_CONVERSION = YES;
				CLANG_WARN_OBJC_ROOT_CLASS = YES_ERROR;
				CLANG_WARN_RANGE_LOOP_ANALYSIS = YES;
				CLANG_WARN_STRICT_PROTOTYPES = YES;
				CLANG_WARN_SUSPICIOUS_MOVE = YES;
				CLANG_WARN_UNGUARDED_AVAILABILITY = YES_AGGRESSIVE;
				CLANG_WARN_UNREACHABLE_CODE = YES;
				CLANG_WARN__DUPLICATE_METHOD_MATCH = YES;
				CODE_SIGN_IDENTITY = "iPhone Developer";
				COPY_PHASE_STRIP = NO;
				DEBUG_INFORMATION_FORMAT = "dwarf-with-dsym";
				ENABLE_NS_ASSERTIONS = NO;
				ENABLE_STRICT_OBJC_MSGSEND = YES;
				GCC_C_LANGUAGE_STANDARD = gnu11;
				GCC_NO_COMMON_BLOCKS = YES;
				GCC_WARN_64_TO_32_BIT_CONVERSION = YES;
				GCC_WARN_ABOUT_RETURN_TYPE = YES_ERROR;
				GCC_WARN_UNDECLARED_SELECTOR = YES;
				GCC_WARN_UNINITIALIZED_AUTOS = YES_AGGRESSIVE;
				GCC_WARN_UNUSED_FUNCTION = YES;
				GCC_WARN_UNUSED_VARIABLE = YES;
				IPHONEOS_DEPLOYMENT_TARGET = 12.1;
				MTL_ENABLE_DEBUG_INFO = NO;
				MTL_FAST_MATH = YES;
				SDKROOT = iphoneos;
				SWIFT_COMPILATION_MODE = wholemodule;
				SWIFT_OPTIMIZATION_LEVEL = "-O";
				VALIDATE_PRODUCT = YES;
			};
			name = Release;
		};
		E0040C7B22155A7400E61EA2 /* Debug */ = {
			isa = XCBuildConfiguration;
			buildSettings = {
				ASSETCATALOG_COMPILER_APPICON_NAME = AppIcon;
				CODE_SIGN_STYLE = Automatic;
				DEVELOPMENT_TEAM = 7XPNZVMTQ2;
				INFOPLIST_FILE = XiaomiLocker/Info.plist;
				LD_RUNPATH_SEARCH_PATHS = (
					"$(inherited)",
					"@executable_path/Frameworks",
				);
				PRODUCT_BUNDLE_IDENTIFIER = oscarbc.XiaomiLocker;
				PRODUCT_NAME = "$(TARGET_NAME)";
				SWIFT_VERSION = 4.2;
				TARGETED_DEVICE_FAMILY = "1,2";
			};
			name = Debug;
		};
		E0040C7C22155A7400E61EA2 /* Release */ = {
			isa = XCBuildConfiguration;
			buildSettings = {
				ASSETCATALOG_COMPILER_APPICON_NAME = AppIcon;
				CODE_SIGN_STYLE = Automatic;
				DEVELOPMENT_TEAM = 7XPNZVMTQ2;
				INFOPLIST_FILE = XiaomiLocker/Info.plist;
				LD_RUNPATH_SEARCH_PATHS = (
					"$(inherited)",
					"@executable_path/Frameworks",
				);
				PRODUCT_BUNDLE_IDENTIFIER = oscarbc.XiaomiLocker;
				PRODUCT_NAME = "$(TARGET_NAME)";
				SWIFT_VERSION = 4.2;
				TARGETED_DEVICE_FAMILY = "1,2";
			};
			name = Release;
		};
/* End XCBuildConfiguration section */

/* Begin XCConfigurationList section */
		E0040C6322155A7300E61EA2 /* Build configuration list for PBXProject "XiaomiLocker" */ = {
			isa = XCConfigurationList;
			buildConfigurations = (
				E0040C7822155A7400E61EA2 /* Debug */,
				E0040C7922155A7400E61EA2 /* Release */,
			);
			defaultConfigurationIsVisible = 0;
			defaultConfigurationName = Release;
		};
		E0040C7A22155A7400E61EA2 /* Build configuration list for PBXNativeTarget "XiaomiLocker" */ = {
			isa = XCConfigurationList;
			buildConfigurations = (
				E0040C7B22155A7400E61EA2 /* Debug */,
				E0040C7C22155A7400E61EA2 /* Release */,
			);
			defaultConfigurationIsVisible = 0;
			defaultConfigurationName = Release;
		};
/* End XCConfigurationList section */
	};
	rootObject = E0040C6022155A7300E61EA2 /* Project object */;
}
